{
    "version": 3,
    "terraform_version": "0.11.13",
    "serial": 19,
    "lineage": "81e7b1a5-bf1e-d0c8-5c66-4231ed07675a",
    "modules": [
        {
            "path": [
                "root"
            ],
            "outputs": {
                "public_ip_address0": {
                    "sensitive": false,
                    "type": "string",
                    "value": "40.83.250.86"
                },
                "public_ip_address1": {
                    "sensitive": false,
                    "type": "string",
                    "value": "40.83.250.84"
                }
            },
            "resources": {
                "azurerm_network_interface.external0": {
                    "type": "azurerm_network_interface",
                    "depends_on": [
                        "azurerm_network_security_group.deployment",
                        "azurerm_resource_group.deployment",
                        "azurerm_subnet.external"
                    ],
                    "primary": {
                        "id": "/subscriptions/d18b486a-112d-4402-add2-7fb1006f943a/resourceGroups/shimkustf8/providers/Microsoft.Network/networkInterfaces/shimkustf8-ext0",
                        "attributes": {
                            "applied_dns_servers.#": "0",
                            "dns_servers.#": "0",
                            "enable_accelerated_networking": "false",
                            "enable_ip_forwarding": "false",
                            "id": "/subscriptions/d18b486a-112d-4402-add2-7fb1006f943a/resourceGroups/shimkustf8/providers/Microsoft.Network/networkInterfaces/shimkustf8-ext0",
                            "internal_dns_name_label": "",
                            "internal_fqdn": "",
                            "ip_configuration.#": "1",
                            "ip_configuration.0.application_gateway_backend_address_pools_ids.#": "0",
                            "ip_configuration.0.application_security_group_ids.#": "0",
                            "ip_configuration.0.load_balancer_backend_address_pools_ids.#": "0",
                            "ip_configuration.0.load_balancer_inbound_nat_rules_ids.#": "0",
                            "ip_configuration.0.name": "shimkustf8-ext0",
                            "ip_configuration.0.primary": "true",
                            "ip_configuration.0.private_ip_address": "",
                            "ip_configuration.0.private_ip_address_allocation": "dynamic",
                            "ip_configuration.0.private_ip_address_version": "IPv4",
                            "ip_configuration.0.public_ip_address_id": "",
                            "ip_configuration.0.subnet_id": "/subscriptions/d18b486a-112d-4402-add2-7fb1006f943a/resourceGroups/shimkustf8/providers/Microsoft.Network/virtualNetworks/shimkustf8-network/subnets/external",
                            "location": "westus",
                            "mac_address": "",
                            "name": "shimkustf8-ext0",
                            "network_security_group_id": "/subscriptions/d18b486a-112d-4402-add2-7fb1006f943a/resourceGroups/shimkustf8/providers/Microsoft.Network/networkSecurityGroups/shimkustf8-sg",
                            "private_ip_address": "10.0.2.4",
                            "private_ip_addresses.#": "1",
                            "private_ip_addresses.0": "10.0.2.4",
                            "resource_group_name": "shimkustf8",
                            "tags.%": "0"
                        },
                        "meta": {},
                        "tainted": false
                    },
                    "deposed": [],
                    "provider": "provider.azurerm"
                },
                "azurerm_network_interface.external1": {
                    "type": "azurerm_network_interface",
                    "depends_on": [
                        "azurerm_network_security_group.deployment",
                        "azurerm_resource_group.deployment",
                        "azurerm_subnet.external"
                    ],
                    "primary": {
                        "id": "/subscriptions/d18b486a-112d-4402-add2-7fb1006f943a/resourceGroups/shimkustf8/providers/Microsoft.Network/networkInterfaces/shimkustf8-ext1",
                        "attributes": {
                            "applied_dns_servers.#": "0",
                            "dns_servers.#": "0",
                            "enable_accelerated_networking": "false",
                            "enable_ip_forwarding": "false",
                            "id": "/subscriptions/d18b486a-112d-4402-add2-7fb1006f943a/resourceGroups/shimkustf8/providers/Microsoft.Network/networkInterfaces/shimkustf8-ext1",
                            "internal_dns_name_label": "",
                            "internal_fqdn": "",
                            "ip_configuration.#": "1",
                            "ip_configuration.0.application_gateway_backend_address_pools_ids.#": "0",
                            "ip_configuration.0.application_security_group_ids.#": "0",
                            "ip_configuration.0.load_balancer_backend_address_pools_ids.#": "0",
                            "ip_configuration.0.load_balancer_inbound_nat_rules_ids.#": "0",
                            "ip_configuration.0.name": "shimkustf8-ext1",
                            "ip_configuration.0.primary": "true",
                            "ip_configuration.0.private_ip_address": "",
                            "ip_configuration.0.private_ip_address_allocation": "dynamic",
                            "ip_configuration.0.private_ip_address_version": "IPv4",
                            "ip_configuration.0.public_ip_address_id": "",
                            "ip_configuration.0.subnet_id": "/subscriptions/d18b486a-112d-4402-add2-7fb1006f943a/resourceGroups/shimkustf8/providers/Microsoft.Network/virtualNetworks/shimkustf8-network/subnets/external",
                            "location": "westus",
                            "mac_address": "",
                            "name": "shimkustf8-ext1",
                            "network_security_group_id": "/subscriptions/d18b486a-112d-4402-add2-7fb1006f943a/resourceGroups/shimkustf8/providers/Microsoft.Network/networkSecurityGroups/shimkustf8-sg",
                            "private_ip_address": "10.0.2.5",
                            "private_ip_addresses.#": "1",
                            "private_ip_addresses.0": "10.0.2.5",
                            "resource_group_name": "shimkustf8",
                            "tags.%": "0"
                        },
                        "meta": {},
                        "tainted": false
                    },
                    "deposed": [],
                    "provider": "provider.azurerm"
                },
                "azurerm_network_interface.internal0": {
                    "type": "azurerm_network_interface",
                    "depends_on": [
                        "azurerm_network_security_group.deployment",
                        "azurerm_resource_group.deployment",
                        "azurerm_subnet.internal"
                    ],
                    "primary": {
                        "id": "/subscriptions/d18b486a-112d-4402-add2-7fb1006f943a/resourceGroups/shimkustf8/providers/Microsoft.Network/networkInterfaces/shimkustf8-int0",
                        "attributes": {
                            "applied_dns_servers.#": "0",
                            "dns_servers.#": "0",
                            "enable_accelerated_networking": "false",
                            "enable_ip_forwarding": "false",
                            "id": "/subscriptions/d18b486a-112d-4402-add2-7fb1006f943a/resourceGroups/shimkustf8/providers/Microsoft.Network/networkInterfaces/shimkustf8-int0",
                            "internal_dns_name_label": "",
                            "internal_fqdn": "",
                            "ip_configuration.#": "1",
                            "ip_configuration.0.application_gateway_backend_address_pools_ids.#": "0",
                            "ip_configuration.0.application_security_group_ids.#": "0",
                            "ip_configuration.0.load_balancer_backend_address_pools_ids.#": "0",
                            "ip_configuration.0.load_balancer_inbound_nat_rules_ids.#": "0",
                            "ip_configuration.0.name": "shimkustf8-int0",
                            "ip_configuration.0.primary": "true",
                            "ip_configuration.0.private_ip_address": "",
                            "ip_configuration.0.private_ip_address_allocation": "dynamic",
                            "ip_configuration.0.private_ip_address_version": "IPv4",
                            "ip_configuration.0.public_ip_address_id": "",
                            "ip_configuration.0.subnet_id": "/subscriptions/d18b486a-112d-4402-add2-7fb1006f943a/resourceGroups/shimkustf8/providers/Microsoft.Network/virtualNetworks/shimkustf8-network/subnets/internal",
                            "location": "westus",
                            "mac_address": "",
                            "name": "shimkustf8-int0",
                            "network_security_group_id": "/subscriptions/d18b486a-112d-4402-add2-7fb1006f943a/resourceGroups/shimkustf8/providers/Microsoft.Network/networkSecurityGroups/shimkustf8-sg",
                            "private_ip_address": "10.0.1.4",
                            "private_ip_addresses.#": "1",
                            "private_ip_addresses.0": "10.0.1.4",
                            "resource_group_name": "shimkustf8",
                            "tags.%": "0"
                        },
                        "meta": {},
                        "tainted": false
                    },
                    "deposed": [],
                    "provider": "provider.azurerm"
                },
                "azurerm_network_interface.internal1": {
                    "type": "azurerm_network_interface",
                    "depends_on": [
                        "azurerm_network_security_group.deployment",
                        "azurerm_resource_group.deployment",
                        "azurerm_subnet.internal"
                    ],
                    "primary": {
                        "id": "/subscriptions/d18b486a-112d-4402-add2-7fb1006f943a/resourceGroups/shimkustf8/providers/Microsoft.Network/networkInterfaces/shimkustf8-int1",
                        "attributes": {
                            "applied_dns_servers.#": "0",
                            "dns_servers.#": "0",
                            "enable_accelerated_networking": "false",
                            "enable_ip_forwarding": "false",
                            "id": "/subscriptions/d18b486a-112d-4402-add2-7fb1006f943a/resourceGroups/shimkustf8/providers/Microsoft.Network/networkInterfaces/shimkustf8-int1",
                            "internal_dns_name_label": "",
                            "internal_fqdn": "",
                            "ip_configuration.#": "1",
                            "ip_configuration.0.application_gateway_backend_address_pools_ids.#": "0",
                            "ip_configuration.0.application_security_group_ids.#": "0",
                            "ip_configuration.0.load_balancer_backend_address_pools_ids.#": "0",
                            "ip_configuration.0.load_balancer_inbound_nat_rules_ids.#": "0",
                            "ip_configuration.0.name": "shimkustf8-int1",
                            "ip_configuration.0.primary": "true",
                            "ip_configuration.0.private_ip_address": "",
                            "ip_configuration.0.private_ip_address_allocation": "dynamic",
                            "ip_configuration.0.private_ip_address_version": "IPv4",
                            "ip_configuration.0.public_ip_address_id": "",
                            "ip_configuration.0.subnet_id": "/subscriptions/d18b486a-112d-4402-add2-7fb1006f943a/resourceGroups/shimkustf8/providers/Microsoft.Network/virtualNetworks/shimkustf8-network/subnets/internal",
                            "location": "westus",
                            "mac_address": "",
                            "name": "shimkustf8-int1",
                            "network_security_group_id": "/subscriptions/d18b486a-112d-4402-add2-7fb1006f943a/resourceGroups/shimkustf8/providers/Microsoft.Network/networkSecurityGroups/shimkustf8-sg",
                            "private_ip_address": "10.0.1.5",
                            "private_ip_addresses.#": "1",
                            "private_ip_addresses.0": "10.0.1.5",
                            "resource_group_name": "shimkustf8",
                            "tags.%": "0"
                        },
                        "meta": {},
                        "tainted": false
                    },
                    "deposed": [],
                    "provider": "provider.azurerm"
                },
                "azurerm_network_interface.mgmt0": {
                    "type": "azurerm_network_interface",
                    "depends_on": [
                        "azurerm_network_security_group.deployment",
                        "azurerm_public_ip.pip0",
                        "azurerm_resource_group.deployment",
                        "azurerm_subnet.mgmt"
                    ],
                    "primary": {
                        "id": "/subscriptions/d18b486a-112d-4402-add2-7fb1006f943a/resourceGroups/shimkustf8/providers/Microsoft.Network/networkInterfaces/shimkustf8-mgmt0",
                        "attributes": {
                            "applied_dns_servers.#": "0",
                            "dns_servers.#": "0",
                            "enable_accelerated_networking": "false",
                            "enable_ip_forwarding": "false",
                            "id": "/subscriptions/d18b486a-112d-4402-add2-7fb1006f943a/resourceGroups/shimkustf8/providers/Microsoft.Network/networkInterfaces/shimkustf8-mgmt0",
                            "internal_dns_name_label": "",
                            "internal_fqdn": "",
                            "ip_configuration.#": "1",
                            "ip_configuration.0.application_gateway_backend_address_pools_ids.#": "0",
                            "ip_configuration.0.application_security_group_ids.#": "0",
                            "ip_configuration.0.load_balancer_backend_address_pools_ids.#": "0",
                            "ip_configuration.0.load_balancer_inbound_nat_rules_ids.#": "0",
                            "ip_configuration.0.name": "shimkustf8-mgmt0",
                            "ip_configuration.0.primary": "true",
                            "ip_configuration.0.private_ip_address": "",
                            "ip_configuration.0.private_ip_address_allocation": "dynamic",
                            "ip_configuration.0.private_ip_address_version": "IPv4",
                            "ip_configuration.0.public_ip_address_id": "/subscriptions/d18b486a-112d-4402-add2-7fb1006f943a/resourceGroups/shimkustf8/providers/Microsoft.Network/publicIPAddresses/shimkustf8-mgmt-pip0",
                            "ip_configuration.0.subnet_id": "/subscriptions/d18b486a-112d-4402-add2-7fb1006f943a/resourceGroups/shimkustf8/providers/Microsoft.Network/virtualNetworks/shimkustf8-network/subnets/mgmt",
                            "location": "westus",
                            "mac_address": "",
                            "name": "shimkustf8-mgmt0",
                            "network_security_group_id": "/subscriptions/d18b486a-112d-4402-add2-7fb1006f943a/resourceGroups/shimkustf8/providers/Microsoft.Network/networkSecurityGroups/shimkustf8-sg",
                            "private_ip_address": "10.0.0.5",
                            "private_ip_addresses.#": "1",
                            "private_ip_addresses.0": "10.0.0.5",
                            "resource_group_name": "shimkustf8",
                            "tags.%": "0"
                        },
                        "meta": {},
                        "tainted": false
                    },
                    "deposed": [],
                    "provider": "provider.azurerm"
                },
                "azurerm_network_interface.mgmt1": {
                    "type": "azurerm_network_interface",
                    "depends_on": [
                        "azurerm_network_security_group.deployment",
                        "azurerm_public_ip.pip1",
                        "azurerm_resource_group.deployment",
                        "azurerm_subnet.mgmt"
                    ],
                    "primary": {
                        "id": "/subscriptions/d18b486a-112d-4402-add2-7fb1006f943a/resourceGroups/shimkustf8/providers/Microsoft.Network/networkInterfaces/shimkustf8-mgmt1",
                        "attributes": {
                            "applied_dns_servers.#": "0",
                            "dns_servers.#": "0",
                            "enable_accelerated_networking": "false",
                            "enable_ip_forwarding": "false",
                            "id": "/subscriptions/d18b486a-112d-4402-add2-7fb1006f943a/resourceGroups/shimkustf8/providers/Microsoft.Network/networkInterfaces/shimkustf8-mgmt1",
                            "internal_dns_name_label": "",
                            "internal_fqdn": "",
                            "ip_configuration.#": "1",
                            "ip_configuration.0.application_gateway_backend_address_pools_ids.#": "0",
                            "ip_configuration.0.application_security_group_ids.#": "0",
                            "ip_configuration.0.load_balancer_backend_address_pools_ids.#": "0",
                            "ip_configuration.0.load_balancer_inbound_nat_rules_ids.#": "0",
                            "ip_configuration.0.name": "shimkustf8-mgmt1",
                            "ip_configuration.0.primary": "true",
                            "ip_configuration.0.private_ip_address": "",
                            "ip_configuration.0.private_ip_address_allocation": "dynamic",
                            "ip_configuration.0.private_ip_address_version": "IPv4",
                            "ip_configuration.0.public_ip_address_id": "/subscriptions/d18b486a-112d-4402-add2-7fb1006f943a/resourceGroups/shimkustf8/providers/Microsoft.Network/publicIPAddresses/shimkustf8-mgmt-pip1",
                            "ip_configuration.0.subnet_id": "/subscriptions/d18b486a-112d-4402-add2-7fb1006f943a/resourceGroups/shimkustf8/providers/Microsoft.Network/virtualNetworks/shimkustf8-network/subnets/mgmt",
                            "location": "westus",
                            "mac_address": "",
                            "name": "shimkustf8-mgmt1",
                            "network_security_group_id": "/subscriptions/d18b486a-112d-4402-add2-7fb1006f943a/resourceGroups/shimkustf8/providers/Microsoft.Network/networkSecurityGroups/shimkustf8-sg",
                            "private_ip_address": "10.0.0.4",
                            "private_ip_addresses.#": "1",
                            "private_ip_addresses.0": "10.0.0.4",
                            "resource_group_name": "shimkustf8",
                            "tags.%": "0"
                        },
                        "meta": {},
                        "tainted": false
                    },
                    "deposed": [],
                    "provider": "provider.azurerm"
                },
                "azurerm_network_security_group.deployment": {
                    "type": "azurerm_network_security_group",
                    "depends_on": [
                        "azurerm_resource_group.deployment"
                    ],
                    "primary": {
                        "id": "/subscriptions/d18b486a-112d-4402-add2-7fb1006f943a/resourceGroups/shimkustf8/providers/Microsoft.Network/networkSecurityGroups/shimkustf8-sg",
                        "attributes": {
                            "id": "/subscriptions/d18b486a-112d-4402-add2-7fb1006f943a/resourceGroups/shimkustf8/providers/Microsoft.Network/networkSecurityGroups/shimkustf8-sg",
                            "location": "westus",
                            "name": "shimkustf8-sg",
                            "resource_group_name": "shimkustf8",
                            "security_rule.#": "2",
                            "security_rule.2346343272.access": "Allow",
                            "security_rule.2346343272.description": "",
                            "security_rule.2346343272.destination_address_prefix": "*",
                            "security_rule.2346343272.destination_address_prefixes.#": "0",
                            "security_rule.2346343272.destination_application_security_group_ids.#": "0",
                            "security_rule.2346343272.destination_port_range": "22",
                            "security_rule.2346343272.destination_port_ranges.#": "0",
                            "security_rule.2346343272.direction": "Inbound",
                            "security_rule.2346343272.name": "ssh",
                            "security_rule.2346343272.priority": "110",
                            "security_rule.2346343272.protocol": "Tcp",
                            "security_rule.2346343272.source_address_prefix": "*",
                            "security_rule.2346343272.source_address_prefixes.#": "0",
                            "security_rule.2346343272.source_application_security_group_ids.#": "0",
                            "security_rule.2346343272.source_port_range": "*",
                            "security_rule.2346343272.source_port_ranges.#": "0",
                            "security_rule.3717082726.access": "Allow",
                            "security_rule.3717082726.description": "",
                            "security_rule.3717082726.destination_address_prefix": "*",
                            "security_rule.3717082726.destination_address_prefixes.#": "0",
                            "security_rule.3717082726.destination_application_security_group_ids.#": "0",
                            "security_rule.3717082726.destination_port_range": "443",
                            "security_rule.3717082726.destination_port_ranges.#": "0",
                            "security_rule.3717082726.direction": "Inbound",
                            "security_rule.3717082726.name": "https",
                            "security_rule.3717082726.priority": "120",
                            "security_rule.3717082726.protocol": "Tcp",
                            "security_rule.3717082726.source_address_prefix": "*",
                            "security_rule.3717082726.source_address_prefixes.#": "0",
                            "security_rule.3717082726.source_application_security_group_ids.#": "0",
                            "security_rule.3717082726.source_port_range": "*",
                            "security_rule.3717082726.source_port_ranges.#": "0",
                            "tags.%": "0"
                        },
                        "meta": {},
                        "tainted": false
                    },
                    "deposed": [],
                    "provider": "provider.azurerm"
                },
                "azurerm_public_ip.pip0": {
                    "type": "azurerm_public_ip",
                    "depends_on": [
                        "azurerm_resource_group.deployment"
                    ],
                    "primary": {
                        "id": "/subscriptions/d18b486a-112d-4402-add2-7fb1006f943a/resourceGroups/shimkustf8/providers/Microsoft.Network/publicIPAddresses/shimkustf8-mgmt-pip0",
                        "attributes": {
                            "allocation_method": "Static",
                            "id": "/subscriptions/d18b486a-112d-4402-add2-7fb1006f943a/resourceGroups/shimkustf8/providers/Microsoft.Network/publicIPAddresses/shimkustf8-mgmt-pip0",
                            "idle_timeout_in_minutes": "4",
                            "ip_address": "40.83.250.86",
                            "ip_version": "IPv4",
                            "location": "westus",
                            "name": "shimkustf8-mgmt-pip0",
                            "public_ip_address_allocation": "Static",
                            "resource_group_name": "shimkustf8",
                            "sku": "Basic",
                            "tags.%": "0",
                            "zones.#": "0"
                        },
                        "meta": {},
                        "tainted": false
                    },
                    "deposed": [],
                    "provider": "provider.azurerm"
                },
                "azurerm_public_ip.pip1": {
                    "type": "azurerm_public_ip",
                    "depends_on": [
                        "azurerm_resource_group.deployment"
                    ],
                    "primary": {
                        "id": "/subscriptions/d18b486a-112d-4402-add2-7fb1006f943a/resourceGroups/shimkustf8/providers/Microsoft.Network/publicIPAddresses/shimkustf8-mgmt-pip1",
                        "attributes": {
                            "allocation_method": "Static",
                            "id": "/subscriptions/d18b486a-112d-4402-add2-7fb1006f943a/resourceGroups/shimkustf8/providers/Microsoft.Network/publicIPAddresses/shimkustf8-mgmt-pip1",
                            "idle_timeout_in_minutes": "4",
                            "ip_address": "40.83.250.84",
                            "ip_version": "IPv4",
                            "location": "westus",
                            "name": "shimkustf8-mgmt-pip1",
                            "public_ip_address_allocation": "Static",
                            "resource_group_name": "shimkustf8",
                            "sku": "Basic",
                            "tags.%": "0",
                            "zones.#": "0"
                        },
                        "meta": {},
                        "tainted": false
                    },
                    "deposed": [],
                    "provider": "provider.azurerm"
                },
                "azurerm_resource_group.deployment": {
                    "type": "azurerm_resource_group",
                    "depends_on": [],
                    "primary": {
                        "id": "/subscriptions/d18b486a-112d-4402-add2-7fb1006f943a/resourceGroups/shimkustf8",
                        "attributes": {
                            "id": "/subscriptions/d18b486a-112d-4402-add2-7fb1006f943a/resourceGroups/shimkustf8",
                            "location": "westus",
                            "name": "shimkustf8",
                            "tags.%": "0"
                        },
                        "meta": {},
                        "tainted": false
                    },
                    "deposed": [],
                    "provider": "provider.azurerm"
                },
                "azurerm_subnet.external": {
                    "type": "azurerm_subnet",
                    "depends_on": [
                        "azurerm_resource_group.deployment",
                        "azurerm_virtual_network.deployment"
                    ],
                    "primary": {
                        "id": "/subscriptions/d18b486a-112d-4402-add2-7fb1006f943a/resourceGroups/shimkustf8/providers/Microsoft.Network/virtualNetworks/shimkustf8-network/subnets/external",
                        "attributes": {
                            "address_prefix": "10.0.2.0/24",
                            "delegation.#": "0",
                            "id": "/subscriptions/d18b486a-112d-4402-add2-7fb1006f943a/resourceGroups/shimkustf8/providers/Microsoft.Network/virtualNetworks/shimkustf8-network/subnets/external",
                            "ip_configurations.#": "0",
                            "name": "external",
                            "network_security_group_id": "",
                            "resource_group_name": "shimkustf8",
                            "route_table_id": "",
                            "service_endpoints.#": "0",
                            "virtual_network_name": "shimkustf8-network"
                        },
                        "meta": {},
                        "tainted": false
                    },
                    "deposed": [],
                    "provider": "provider.azurerm"
                },
                "azurerm_subnet.internal": {
                    "type": "azurerm_subnet",
                    "depends_on": [
                        "azurerm_resource_group.deployment",
                        "azurerm_virtual_network.deployment"
                    ],
                    "primary": {
                        "id": "/subscriptions/d18b486a-112d-4402-add2-7fb1006f943a/resourceGroups/shimkustf8/providers/Microsoft.Network/virtualNetworks/shimkustf8-network/subnets/internal",
                        "attributes": {
                            "address_prefix": "10.0.1.0/24",
                            "delegation.#": "0",
                            "id": "/subscriptions/d18b486a-112d-4402-add2-7fb1006f943a/resourceGroups/shimkustf8/providers/Microsoft.Network/virtualNetworks/shimkustf8-network/subnets/internal",
                            "ip_configurations.#": "0",
                            "name": "internal",
                            "network_security_group_id": "",
                            "resource_group_name": "shimkustf8",
                            "route_table_id": "",
                            "service_endpoints.#": "0",
                            "virtual_network_name": "shimkustf8-network"
                        },
                        "meta": {},
                        "tainted": false
                    },
                    "deposed": [],
                    "provider": "provider.azurerm"
                },
                "azurerm_subnet.mgmt": {
                    "type": "azurerm_subnet",
                    "depends_on": [
                        "azurerm_resource_group.deployment",
                        "azurerm_virtual_network.deployment"
                    ],
                    "primary": {
                        "id": "/subscriptions/d18b486a-112d-4402-add2-7fb1006f943a/resourceGroups/shimkustf8/providers/Microsoft.Network/virtualNetworks/shimkustf8-network/subnets/mgmt",
                        "attributes": {
                            "address_prefix": "10.0.0.0/24",
                            "delegation.#": "0",
                            "id": "/subscriptions/d18b486a-112d-4402-add2-7fb1006f943a/resourceGroups/shimkustf8/providers/Microsoft.Network/virtualNetworks/shimkustf8-network/subnets/mgmt",
                            "ip_configurations.#": "0",
                            "name": "mgmt",
                            "network_security_group_id": "",
                            "resource_group_name": "shimkustf8",
                            "route_table_id": "",
                            "service_endpoints.#": "0",
                            "virtual_network_name": "shimkustf8-network"
                        },
                        "meta": {},
                        "tainted": false
                    },
                    "deposed": [],
                    "provider": "provider.azurerm"
                },
                "azurerm_virtual_machine.vm0": {
                    "type": "azurerm_virtual_machine",
                    "depends_on": [
                        "azurerm_network_interface.external0",
                        "azurerm_network_interface.internal0",
                        "azurerm_network_interface.mgmt0",
                        "azurerm_resource_group.deployment"
                    ],
                    "primary": {
                        "id": "/subscriptions/d18b486a-112d-4402-add2-7fb1006f943a/resourceGroups/shimkustf8/providers/Microsoft.Compute/virtualMachines/shimkustf8-vm0",
                        "attributes": {
                            "delete_data_disks_on_termination": "true",
                            "delete_os_disk_on_termination": "true",
                            "id": "/subscriptions/d18b486a-112d-4402-add2-7fb1006f943a/resourceGroups/shimkustf8/providers/Microsoft.Compute/virtualMachines/shimkustf8-vm0",
                            "identity.#": "0",
                            "location": "westus",
                            "name": "shimkustf8-vm0",
                            "network_interface_ids.#": "3",
                            "network_interface_ids.0": "/subscriptions/d18b486a-112d-4402-add2-7fb1006f943a/resourceGroups/shimkustf8/providers/Microsoft.Network/networkInterfaces/shimkustf8-mgmt0",
                            "network_interface_ids.1": "/subscriptions/d18b486a-112d-4402-add2-7fb1006f943a/resourceGroups/shimkustf8/providers/Microsoft.Network/networkInterfaces/shimkustf8-int0",
                            "network_interface_ids.2": "/subscriptions/d18b486a-112d-4402-add2-7fb1006f943a/resourceGroups/shimkustf8/providers/Microsoft.Network/networkInterfaces/shimkustf8-ext0",
                            "os_profile.#": "1",
                            "os_profile.4179239794.admin_password": "",
                            "os_profile.4179239794.admin_username": "azureuser",
                            "os_profile.4179239794.computer_name": "f5vm0",
                            "os_profile.4179239794.custom_data": "",
                            "os_profile_linux_config.#": "1",
                            "os_profile_linux_config.2972667452.disable_password_authentication": "false",
                            "os_profile_linux_config.2972667452.ssh_keys.#": "0",
                            "os_profile_secrets.#": "0",
                            "os_profile_windows_config.#": "0",
                            "plan.#": "1",
                            "plan.0.name": "f5-bigip-virtual-edition-25m-good-hourly",
                            "plan.0.product": "f5-big-ip-good",
                            "plan.0.publisher": "f5-networks",
                            "primary_network_interface_id": "/subscriptions/d18b486a-112d-4402-add2-7fb1006f943a/resourceGroups/shimkustf8/providers/Microsoft.Network/networkInterfaces/shimkustf8-mgmt0",
                            "resource_group_name": "shimkustf8",
                            "storage_data_disk.#": "0",
                            "storage_image_reference.#": "1",
                            "storage_image_reference.2578164414.id": "",
                            "storage_image_reference.2578164414.offer": "f5-big-ip-good",
                            "storage_image_reference.2578164414.publisher": "f5-networks",
                            "storage_image_reference.2578164414.sku": "f5-bigip-virtual-edition-25m-good-hourly",
                            "storage_image_reference.2578164414.version": "latest",
                            "storage_os_disk.#": "1",
                            "storage_os_disk.0.caching": "ReadWrite",
                            "storage_os_disk.0.create_option": "FromImage",
                            "storage_os_disk.0.disk_size_gb": "39",
                            "storage_os_disk.0.image_uri": "",
                            "storage_os_disk.0.managed_disk_id": "/subscriptions/d18b486a-112d-4402-add2-7fb1006f943a/resourceGroups/shimkustf8/providers/Microsoft.Compute/disks/osdisk0",
                            "storage_os_disk.0.managed_disk_type": "Standard_LRS",
                            "storage_os_disk.0.name": "osdisk0",
                            "storage_os_disk.0.os_type": "Linux",
                            "storage_os_disk.0.vhd_uri": "",
                            "storage_os_disk.0.write_accelerator_enabled": "false",
                            "tags.%": "0",
                            "vm_size": "Standard_DS3_v2",
                            "zones.#": "0"
                        },
                        "meta": {},
                        "tainted": false
                    },
                    "deposed": [],
                    "provider": "provider.azurerm"
                },
                "azurerm_virtual_machine.vm1": {
                    "type": "azurerm_virtual_machine",
                    "depends_on": [
                        "azurerm_network_interface.external1",
                        "azurerm_network_interface.internal1",
                        "azurerm_network_interface.mgmt1",
                        "azurerm_resource_group.deployment"
                    ],
                    "primary": {
                        "id": "/subscriptions/d18b486a-112d-4402-add2-7fb1006f943a/resourceGroups/shimkustf8/providers/Microsoft.Compute/virtualMachines/shimkustf8-vm1",
                        "attributes": {
                            "delete_data_disks_on_termination": "true",
                            "delete_os_disk_on_termination": "true",
                            "id": "/subscriptions/d18b486a-112d-4402-add2-7fb1006f943a/resourceGroups/shimkustf8/providers/Microsoft.Compute/virtualMachines/shimkustf8-vm1",
                            "identity.#": "0",
                            "location": "westus",
                            "name": "shimkustf8-vm1",
                            "network_interface_ids.#": "3",
                            "network_interface_ids.0": "/subscriptions/d18b486a-112d-4402-add2-7fb1006f943a/resourceGroups/shimkustf8/providers/Microsoft.Network/networkInterfaces/shimkustf8-mgmt1",
                            "network_interface_ids.1": "/subscriptions/d18b486a-112d-4402-add2-7fb1006f943a/resourceGroups/shimkustf8/providers/Microsoft.Network/networkInterfaces/shimkustf8-int1",
                            "network_interface_ids.2": "/subscriptions/d18b486a-112d-4402-add2-7fb1006f943a/resourceGroups/shimkustf8/providers/Microsoft.Network/networkInterfaces/shimkustf8-ext1",
                            "os_profile.#": "1",
                            "os_profile.3758166579.admin_password": "",
                            "os_profile.3758166579.admin_username": "azureuser",
                            "os_profile.3758166579.computer_name": "f5vm1",
                            "os_profile.3758166579.custom_data": "",
                            "os_profile_linux_config.#": "1",
                            "os_profile_linux_config.2972667452.disable_password_authentication": "false",
                            "os_profile_linux_config.2972667452.ssh_keys.#": "0",
                            "os_profile_secrets.#": "0",
                            "os_profile_windows_config.#": "0",
                            "plan.#": "1",
                            "plan.0.name": "f5-bigip-virtual-edition-25m-good-hourly",
                            "plan.0.product": "f5-big-ip-good",
                            "plan.0.publisher": "f5-networks",
                            "primary_network_interface_id": "/subscriptions/d18b486a-112d-4402-add2-7fb1006f943a/resourceGroups/shimkustf8/providers/Microsoft.Network/networkInterfaces/shimkustf8-mgmt1",
                            "resource_group_name": "shimkustf8",
                            "storage_data_disk.#": "0",
                            "storage_image_reference.#": "1",
                            "storage_image_reference.2578164414.id": "",
                            "storage_image_reference.2578164414.offer": "f5-big-ip-good",
                            "storage_image_reference.2578164414.publisher": "f5-networks",
                            "storage_image_reference.2578164414.sku": "f5-bigip-virtual-edition-25m-good-hourly",
                            "storage_image_reference.2578164414.version": "latest",
                            "storage_os_disk.#": "1",
                            "storage_os_disk.0.caching": "ReadWrite",
                            "storage_os_disk.0.create_option": "FromImage",
                            "storage_os_disk.0.disk_size_gb": "39",
                            "storage_os_disk.0.image_uri": "",
                            "storage_os_disk.0.managed_disk_id": "/subscriptions/d18b486a-112d-4402-add2-7fb1006f943a/resourceGroups/shimkustf8/providers/Microsoft.Compute/disks/osdisk1",
                            "storage_os_disk.0.managed_disk_type": "Standard_LRS",
                            "storage_os_disk.0.name": "osdisk1",
                            "storage_os_disk.0.os_type": "Linux",
                            "storage_os_disk.0.vhd_uri": "",
                            "storage_os_disk.0.write_accelerator_enabled": "false",
                            "tags.%": "0",
                            "vm_size": "Standard_DS3_v2",
                            "zones.#": "0"
                        },
                        "meta": {},
                        "tainted": false
                    },
                    "deposed": [],
                    "provider": "provider.azurerm"
                },
                "azurerm_virtual_network.deployment": {
                    "type": "azurerm_virtual_network",
                    "depends_on": [
                        "azurerm_resource_group.deployment"
                    ],
                    "primary": {
                        "id": "/subscriptions/d18b486a-112d-4402-add2-7fb1006f943a/resourceGroups/shimkustf8/providers/Microsoft.Network/virtualNetworks/shimkustf8-network",
                        "attributes": {
                            "address_space.#": "1",
                            "address_space.0": "10.0.0.0/16",
                            "ddos_protection_plan.#": "0",
                            "dns_servers.#": "0",
                            "id": "/subscriptions/d18b486a-112d-4402-add2-7fb1006f943a/resourceGroups/shimkustf8/providers/Microsoft.Network/virtualNetworks/shimkustf8-network",
                            "location": "westus",
                            "name": "shimkustf8-network",
                            "resource_group_name": "shimkustf8",
                            "subnet.#": "0",
                            "tags.%": "0"
                        },
                        "meta": {},
                        "tainted": false
                    },
                    "deposed": [],
                    "provider": "provider.azurerm"
                },
                "null_resource.login0": {
                    "type": "null_resource",
                    "depends_on": [
                        "azurerm_public_ip.pip0",
                        "azurerm_virtual_machine.vm0"
                    ],
                    "primary": {
                        "id": "8049158129801236115",
                        "attributes": {
                            "id": "8049158129801236115",
                            "triggers.%": "1",
                            "triggers.always_run": "2019-07-10T21:34:43Z"
                        },
                        "meta": {},
                        "tainted": false
                    },
                    "deposed": [],
                    "provider": "provider.null"
                },
                "null_resource.login1": {
                    "type": "null_resource",
                    "depends_on": [
                        "azurerm_public_ip.pip1",
                        "azurerm_virtual_machine.vm1",
                        "null_resource.onboard0"
                    ],
                    "primary": {
                        "id": "806215105386171309",
                        "attributes": {
                            "id": "806215105386171309",
                            "triggers.%": "1",
                            "triggers.always_run": "2019-07-10T21:35:28Z"
                        },
                        "meta": {},
                        "tainted": false
                    },
                    "deposed": [],
                    "provider": "provider.null"
                },
                "null_resource.onboard0": {
                    "type": "null_resource",
                    "depends_on": [
                        "null_resource.login0"
                    ],
                    "primary": {
                        "id": "239180759590390145",
                        "attributes": {
                            "id": "239180759590390145",
                            "triggers.%": "1",
                            "triggers.always_run": "2019-07-10T21:35:23Z"
                        },
                        "meta": {},
                        "tainted": false
                    },
                    "deposed": [],
                    "provider": "provider.null"
                },
                "null_resource.onboard1": {
                    "type": "null_resource",
                    "depends_on": [
                        "null_resource.login1"
                    ],
                    "primary": {
                        "id": "9009095672735512188",
                        "attributes": {
                            "id": "9009095672735512188",
                            "triggers.%": "1",
                            "triggers.always_run": "2019-07-10T21:35:30Z"
                        },
                        "meta": {},
                        "tainted": false
                    },
                    "deposed": [],
                    "provider": "provider.null"
                }
            },
            "depends_on": []
        }
    ]
}
